
Microsoft Visual Studio Solution File, Format Version 12.00
# Visual Studio Version 16
VisualStudioVersion = 16.0.32002.261
MinimumVisualStudioVersion = 10.0.40219.1
Project("{FAE04EC0-301F-11D3-BF4B-00C04F79EFBC}") = "ServerSembako", "ServerSembako\ServerSembako.csproj", "{27CFF29E-7FEF-4410-814A-5FB2837CF4D8}"
EndProject
Global
	GlobalSection(SolutionConfigurationPlatforms) = preSolution
		Debug|Any CPU = Debug|Any CPU
		Release|Any CPU = Release|Any CPU
	EndGlobalSection
	GlobalSection(ProjectConfigurationPlatforms) = postSolution
		{27CFF29E-7FEF-4410-814A-5FB2837CF4D8}.Debug|Any CPU.ActiveCfg = Debug|Any CPU
		{27CFF29E-7FEF-4410-814A-5FB2837CF4D8}.Debug|Any CPU.Build.0 = Debug|Any CPU
		{27CFF29E-7FEF-4410-814A-5FB2837CF4D8}.Release|Any CPU.ActiveCfg = Release|Any CPU
		{27CFF29E-7FEF-4410-814A-5FB2837CF4D8}.Release|Any CPU.Build.0 = Release|Any CPU
	EndGlobalSection
	GlobalSection(SolutionProperties) = preSolution
		HideSolutionNode = FALSE
	EndGlobalSection
	GlobalSection(ExtensibilityGlobals) = postSolution
		SolutionGuid = {2AB1A2DE-94FE-4047-BB72-7C8A7CA093E3}
	EndGlobalSection
EndGlobal
